
Microsoft Visual Studio Solution File, Format Version 12.00
# Visual Studio Version 17
VisualStudioVersion = 17.3.32929.385
MinimumVisualStudioVersion = 10.0.40219.1
Project("{9A19103F-16F7-4668-BE54-9A1E7A4F7556}") = "Curso_Java_a_.net", "Curso_Java_a_.net\Curso_Java_a_.net.csproj", "{F8819786-359D-49A2-8C6B-92917198C652}"
EndProject
Global
	GlobalSection(SolutionConfigurationPlatforms) = preSolution
		Debug|Any CPU = Debug|Any CPU
		Release|Any CPU = Release|Any CPU
	EndGlobalSection
	GlobalSection(ProjectConfigurationPlatforms) = postSolution
		{F8819786-359D-49A2-8C6B-92917198C652}.Debug|Any CPU.ActiveCfg = Debug|Any CPU
		{F8819786-359D-49A2-8C6B-92917198C652}.Debug|Any CPU.Build.0 = Debug|Any CPU
		{F8819786-359D-49A2-8C6B-92917198C652}.Release|Any CPU.ActiveCfg = Release|Any CPU
		{F8819786-359D-49A2-8C6B-92917198C652}.Release|Any CPU.Build.0 = Release|Any CPU
	EndGlobalSection
	GlobalSection(SolutionProperties) = preSolution
		HideSolutionNode = FALSE
	EndGlobalSection
	GlobalSection(ExtensibilityGlobals) = postSolution
		SolutionGuid = {4B17EA53-2C4E-449A-BC85-E92EB94C2F83}
	EndGlobalSection
EndGlobal
