
Microsoft Visual Studio Solution File, Format Version 12.00
# Visual Studio Version 17
VisualStudioVersion = 17.4.33110.190
MinimumVisualStudioVersion = 10.0.40219.1
Project("{FAE04EC0-301F-11D3-BF4B-00C04F79EFBC}") = "clubliaUmbraco", "clubliaUmbraco\clubliaUmbraco.csproj", "{0AA784B5-8F27-4C9D-804F-099F030AAB08}"
EndProject
Global
	GlobalSection(SolutionConfigurationPlatforms) = preSolution
		Debug|Any CPU = Debug|Any CPU
		Release|Any CPU = Release|Any CPU
	EndGlobalSection
	GlobalSection(ProjectConfigurationPlatforms) = postSolution
		{0AA784B5-8F27-4C9D-804F-099F030AAB08}.Debug|Any CPU.ActiveCfg = Debug|Any CPU
		{0AA784B5-8F27-4C9D-804F-099F030AAB08}.Debug|Any CPU.Build.0 = Debug|Any CPU
		{0AA784B5-8F27-4C9D-804F-099F030AAB08}.Release|Any CPU.ActiveCfg = Release|Any CPU
		{0AA784B5-8F27-4C9D-804F-099F030AAB08}.Release|Any CPU.Build.0 = Release|Any CPU
	EndGlobalSection
	GlobalSection(SolutionProperties) = preSolution
		HideSolutionNode = FALSE
	EndGlobalSection
	GlobalSection(ExtensibilityGlobals) = postSolution
		SolutionGuid = {FBB4D7CE-444D-4E56-8F6F-2CEFC044116A}
	EndGlobalSection
EndGlobal
